
Microsoft Visual Studio Solution File, Format Version 12.00
# Visual Studio Version 17
VisualStudioVersion = 17.8.34330.188
MinimumVisualStudioVersion = 10.0.40219.1
Project("{9A19103F-16F7-4668-BE54-9A1E7A4F7556}") = "AutomobileLibary", "AutomobileLibary\AutomobileLibary.csproj", "{5779D211-3660-4562-A511-FDB60A383270}"
EndProject
Project("{FAE04EC0-301F-11D3-BF4B-00C04F79EFBC}") = "AutomobileWebApp", "AutomobileWebApp\AutomobileWebApp.csproj", "{B16BB443-B09C-4CF3-9BF3-19477B5A27FC}"
EndProject
Global
	GlobalSection(SolutionConfigurationPlatforms) = preSolution
		Debug|Any CPU = Debug|Any CPU
		Release|Any CPU = Release|Any CPU
	EndGlobalSection
	GlobalSection(ProjectConfigurationPlatforms) = postSolution
		{5779D211-3660-4562-A511-FDB60A383270}.Debug|Any CPU.ActiveCfg = Debug|Any CPU
		{5779D211-3660-4562-A511-FDB60A383270}.Debug|Any CPU.Build.0 = Debug|Any CPU
		{5779D211-3660-4562-A511-FDB60A383270}.Release|Any CPU.ActiveCfg = Release|Any CPU
		{5779D211-3660-4562-A511-FDB60A383270}.Release|Any CPU.Build.0 = Release|Any CPU
		{B16BB443-B09C-4CF3-9BF3-19477B5A27FC}.Debug|Any CPU.ActiveCfg = Debug|Any CPU
		{B16BB443-B09C-4CF3-9BF3-19477B5A27FC}.Debug|Any CPU.Build.0 = Debug|Any CPU
		{B16BB443-B09C-4CF3-9BF3-19477B5A27FC}.Release|Any CPU.ActiveCfg = Release|Any CPU
		{B16BB443-B09C-4CF3-9BF3-19477B5A27FC}.Release|Any CPU.Build.0 = Release|Any CPU
	EndGlobalSection
	GlobalSection(SolutionProperties) = preSolution
		HideSolutionNode = FALSE
	EndGlobalSection
	GlobalSection(ExtensibilityGlobals) = postSolution
		SolutionGuid = {85570D86-758D-47F7-90F4-D1B900EB57D9}
	EndGlobalSection
EndGlobal
